// !$*UTF8*$!
{
	archiveVersion = 1;
	classes = {
	};
	objectVersion = 48;
	objects = {

/* Begin PBXBuildFile section */
		61B9B94E2FA0D90986A84D6B /* Pods_PhotoHouse.framework in Frameworks */ = {isa = PBXBuildFile; fileRef = F23F7669A09975051CF98722 /* Pods_PhotoHouse.framework */; };
		B3253E031FD588700008E3C5 /* AppDelegate.swift in Sources */ = {isa = PBXBuildFile; fileRef = B3253E021FD588700008E3C5 /* AppDelegate.swift */; };
		B3253E051FD588700008E3C5 /* ViewController.swift in Sources */ = {isa = PBXBuildFile; fileRef = B3253E041FD588700008E3C5 /* ViewController.swift */; };
		B3253E081FD588700008E3C5 /* Main.storyboard in Resources */ = {isa = PBXBuildFile; fileRef = B3253E061FD588700008E3C5 /* Main.storyboard */; };
		B3253E0B1FD588710008E3C5 /* PhotoHouse.xcdatamodeld in Sources */ = {isa = PBXBuildFile; fileRef = B3253E091FD588710008E3C5 /* PhotoHouse.xcdatamodeld */; };
		B3253E0D1FD588710008E3C5 /* Assets.xcassets in Resources */ = {isa = PBXBuildFile; fileRef = B3253E0C1FD588710008E3C5 /* Assets.xcassets */; };
		B3253E101FD588710008E3C5 /* LaunchScreen.storyboard in Resources */ = {isa = PBXBuildFile; fileRef = B3253E0E1FD588710008E3C5 /* LaunchScreen.storyboard */; };
		B3493CE01FDACAAB008E1F73 /* GooglePhotosViewController.swift in Sources */ = {isa = PBXBuildFile; fileRef = B3493CDF1FDACAAB008E1F73 /* GooglePhotosViewController.swift */; };
		B34E072B1FE2BF70002A9476 /* PhotosInteractor.swift in Sources */ = {isa = PBXBuildFile; fileRef = B34E072A1FE2BF70002A9476 /* PhotosInteractor.swift */; };
		B34E072D1FE2C669002A9476 /* PhotosPresenter.swift in Sources */ = {isa = PBXBuildFile; fileRef = B34E072C1FE2C669002A9476 /* PhotosPresenter.swift */; };
		B3815D671FE3EC4E0065F7BE /* CloudPhotoCell.swift in Sources */ = {isa = PBXBuildFile; fileRef = B3815D651FE3EC4E0065F7BE /* CloudPhotoCell.swift */; };
		B3815D681FE3EC4E0065F7BE /* CloudPhotoCell.xib in Resources */ = {isa = PBXBuildFile; fileRef = B3815D661FE3EC4E0065F7BE /* CloudPhotoCell.xib */; };
		B3815D6B1FE3F6090065F7BE /* PhotosRouter.swift in Sources */ = {isa = PBXBuildFile; fileRef = B3815D6A1FE3F6090065F7BE /* PhotosRouter.swift */; };
		B39987111FE7F1CA00D0F08A /* CloudTableViewCell.swift in Sources */ = {isa = PBXBuildFile; fileRef = B39987101FE7F1CA00D0F08A /* CloudTableViewCell.swift */; };
		B399D3541FE006E60001B518 /* iCloudViewController.swift in Sources */ = {isa = PBXBuildFile; fileRef = B399D3531FE006E60001B518 /* iCloudViewController.swift */; };
		B39F0C361FE928870000C2F4 /* ProgressViewController.swift in Sources */ = {isa = PBXBuildFile; fileRef = B39F0C351FE928870000C2F4 /* ProgressViewController.swift */; };
		B3BEFEC41FE2AE90000B8F47 /* PhotoHouseProtocols.swift in Sources */ = {isa = PBXBuildFile; fileRef = B3BEFEC31FE2AE90000B8F47 /* PhotoHouseProtocols.swift */; };
		B3BEFEC61FE2AF57000B8F47 /* PhotosViewController.swift in Sources */ = {isa = PBXBuildFile; fileRef = B3BEFEC51FE2AF57000B8F47 /* PhotosViewController.swift */; };
		B3BEFEC91FE2AFE9000B8F47 /* CloudPhotosModel.swift in Sources */ = {isa = PBXBuildFile; fileRef = B3BEFEC81FE2AFE9000B8F47 /* CloudPhotosModel.swift */; };
		B3BEFECC1FE2B081000B8F47 /* Photo.swift in Sources */ = {isa = PBXBuildFile; fileRef = B3BEFECB1FE2B081000B8F47 /* Photo.swift */; };
		B3BEFED01FE2B0AD000B8F47 /* PhotosModel.swift in Sources */ = {isa = PBXBuildFile; fileRef = B3BEFECF1FE2B0AD000B8F47 /* PhotosModel.swift */; };
		B3C01AE31FDE6FD4002FB84C /* GoogleService-Info.plist in Resources */ = {isa = PBXBuildFile; fileRef = B3C01AE21FDE6FD4002FB84C /* GoogleService-Info.plist */; };
/* End PBXBuildFile section */

/* Begin PBXFileReference section */
		3569840850F93B20B9EE1A14 /* Pods-PhotoHouse.debug.xcconfig */ = {isa = PBXFileReference; includeInIndex = 1; lastKnownFileType = text.xcconfig; name = "Pods-PhotoHouse.debug.xcconfig"; path = "Pods/Target Support Files/Pods-PhotoHouse/Pods-PhotoHouse.debug.xcconfig"; sourceTree = "<group>"; };
		B3253DFF1FD588700008E3C5 /* PhotoHouse.app */ = {isa = PBXFileReference; explicitFileType = wrapper.application; includeInIndex = 0; path = PhotoHouse.app; sourceTree = BUILT_PRODUCTS_DIR; };
		B3253E021FD588700008E3C5 /* AppDelegate.swift */ = {isa = PBXFileReference; lastKnownFileType = sourcecode.swift; path = AppDelegate.swift; sourceTree = "<group>"; };
		B3253E041FD588700008E3C5 /* ViewController.swift */ = {isa = PBXFileReference; lastKnownFileType = sourcecode.swift; path = ViewController.swift; sourceTree = "<group>"; };
		B3253E071FD588700008E3C5 /* Base */ = {isa = PBXFileReference; lastKnownFileType = file.storyboard; name = Base; path = Base.lproj/Main.storyboard; sourceTree = "<group>"; };
		B3253E0A1FD588710008E3C5 /* PhotoHouse.xcdatamodel */ = {isa = PBXFileReference; lastKnownFileType = wrapper.xcdatamodel; path = PhotoHouse.xcdatamodel; sourceTree = "<group>"; };
		B3253E0C1FD588710008E3C5 /* Assets.xcassets */ = {isa = PBXFileReference; lastKnownFileType = folder.assetcatalog; path = Assets.xcassets; sourceTree = "<group>"; };
		B3253E0F1FD588710008E3C5 /* Base */ = {isa = PBXFileReference; lastKnownFileType = file.storyboard; name = Base; path = Base.lproj/LaunchScreen.storyboard; sourceTree = "<group>"; };
		B3253E111FD588710008E3C5 /* Info.plist */ = {isa = PBXFileReference; lastKnownFileType = text.plist.xml; path = Info.plist; sourceTree = "<group>"; };
		B3493CDF1FDACAAB008E1F73 /* GooglePhotosViewController.swift */ = {isa = PBXFileReference; lastKnownFileType = sourcecode.swift; path = GooglePhotosViewController.swift; sourceTree = "<group>"; };
		B34E072A1FE2BF70002A9476 /* PhotosInteractor.swift */ = {isa = PBXFileReference; lastKnownFileType = sourcecode.swift; path = PhotosInteractor.swift; sourceTree = "<group>"; };
		B34E072C1FE2C669002A9476 /* PhotosPresenter.swift */ = {isa = PBXFileReference; lastKnownFileType = sourcecode.swift; path = PhotosPresenter.swift; sourceTree = "<group>"; };
		B3815D651FE3EC4E0065F7BE /* CloudPhotoCell.swift */ = {isa = PBXFileReference; lastKnownFileType = sourcecode.swift; path = CloudPhotoCell.swift; sourceTree = "<group>"; };
		B3815D661FE3EC4E0065F7BE /* CloudPhotoCell.xib */ = {isa = PBXFileReference; lastKnownFileType = file.xib; path = CloudPhotoCell.xib; sourceTree = "<group>"; };
		B3815D6A1FE3F6090065F7BE /* PhotosRouter.swift */ = {isa = PBXFileReference; lastKnownFileType = sourcecode.swift; path = PhotosRouter.swift; sourceTree = "<group>"; };
		B39987101FE7F1CA00D0F08A /* CloudTableViewCell.swift */ = {isa = PBXFileReference; lastKnownFileType = sourcecode.swift; path = CloudTableViewCell.swift; sourceTree = "<group>"; };
		B399D3531FE006E60001B518 /* iCloudViewController.swift */ = {isa = PBXFileReference; lastKnownFileType = sourcecode.swift; path = iCloudViewController.swift; sourceTree = "<group>"; };
		B39F0C351FE928870000C2F4 /* ProgressViewController.swift */ = {isa = PBXFileReference; lastKnownFileType = sourcecode.swift; path = ProgressViewController.swift; sourceTree = "<group>"; };
		B3B209DC1FDED6FB00211BA8 /* PhotoHouse.entitlements */ = {isa = PBXFileReference; lastKnownFileType = text.plist.entitlements; path = PhotoHouse.entitlements; sourceTree = "<group>"; };
		B3BEFEC31FE2AE90000B8F47 /* PhotoHouseProtocols.swift */ = {isa = PBXFileReference; lastKnownFileType = sourcecode.swift; path = PhotoHouseProtocols.swift; sourceTree = "<group>"; };
		B3BEFEC51FE2AF57000B8F47 /* PhotosViewController.swift */ = {isa = PBXFileReference; lastKnownFileType = sourcecode.swift; path = PhotosViewController.swift; sourceTree = "<group>"; };
		B3BEFEC81FE2AFE9000B8F47 /* CloudPhotosModel.swift */ = {isa = PBXFileReference; lastKnownFileType = sourcecode.swift; path = CloudPhotosModel.swift; sourceTree = "<group>"; };
		B3BEFECB1FE2B081000B8F47 /* Photo.swift */ = {isa = PBXFileReference; lastKnownFileType = sourcecode.swift; path = Photo.swift; sourceTree = "<group>"; };
		B3BEFECF1FE2B0AD000B8F47 /* PhotosModel.swift */ = {isa = PBXFileReference; lastKnownFileType = sourcecode.swift; path = PhotosModel.swift; sourceTree = "<group>"; };
		B3C01AE21FDE6FD4002FB84C /* GoogleService-Info.plist */ = {isa = PBXFileReference; fileEncoding = 4; lastKnownFileType = text.plist.xml; path = "GoogleService-Info.plist"; sourceTree = "<group>"; };
		C721F4A505BF927043883B68 /* Pods-PhotoHouse.release.xcconfig */ = {isa = PBXFileReference; includeInIndex = 1; lastKnownFileType = text.xcconfig; name = "Pods-PhotoHouse.release.xcconfig"; path = "Pods/Target Support Files/Pods-PhotoHouse/Pods-PhotoHouse.release.xcconfig"; sourceTree = "<group>"; };
		F23F7669A09975051CF98722 /* Pods_PhotoHouse.framework */ = {isa = PBXFileReference; explicitFileType = wrapper.framework; includeInIndex = 0; path = Pods_PhotoHouse.framework; sourceTree = BUILT_PRODUCTS_DIR; };
/* End PBXFileReference section */

/* Begin PBXFrameworksBuildPhase section */
		B3253DFC1FD588700008E3C5 /* Frameworks */ = {
			isa = PBXFrameworksBuildPhase;
			buildActionMask = 2147483647;
			files = (
				61B9B94E2FA0D90986A84D6B /* Pods_PhotoHouse.framework in Frameworks */,
			);
			runOnlyForDeploymentPostprocessing = 0;
		};
/* End PBXFrameworksBuildPhase section */

/* Begin PBXGroup section */
		5F85F86BEED4D6B39906AA6B /* Pods */ = {
			isa = PBXGroup;
			children = (
				3569840850F93B20B9EE1A14 /* Pods-PhotoHouse.debug.xcconfig */,
				C721F4A505BF927043883B68 /* Pods-PhotoHouse.release.xcconfig */,
			);
			name = Pods;
			sourceTree = "<group>";
		};
		A1EFCFCC9E985BDC1505C13D /* Frameworks */ = {
			isa = PBXGroup;
			children = (
				F23F7669A09975051CF98722 /* Pods_PhotoHouse.framework */,
			);
			name = Frameworks;
			sourceTree = "<group>";
		};
		B3253DF61FD588700008E3C5 = {
			isa = PBXGroup;
			children = (
				B3C01AE21FDE6FD4002FB84C /* GoogleService-Info.plist */,
				B3253E011FD588700008E3C5 /* PhotoHouse */,
				B3253E001FD588700008E3C5 /* Products */,
				5F85F86BEED4D6B39906AA6B /* Pods */,
				A1EFCFCC9E985BDC1505C13D /* Frameworks */,
			);
			sourceTree = "<group>";
		};
		B3253E001FD588700008E3C5 /* Products */ = {
			isa = PBXGroup;
			children = (
				B3253DFF1FD588700008E3C5 /* PhotoHouse.app */,
			);
			name = Products;
			sourceTree = "<group>";
		};
		B3253E011FD588700008E3C5 /* PhotoHouse */ = {
			isa = PBXGroup;
			children = (
				B3815D691FE3F5F10065F7BE /* Router */,
				B34E072E1FE2C66E002A9476 /* Presenter */,
				B34E07291FE2BF48002A9476 /* Interactor */,
				B3BEFECA1FE2AFF6000B8F47 /* Entities */,
				B3BEFEC71FE2AF62000B8F47 /* View */,
				B3B209DC1FDED6FB00211BA8 /* PhotoHouse.entitlements */,
				B3253E021FD588700008E3C5 /* AppDelegate.swift */,
				B3BEFEC31FE2AE90000B8F47 /* PhotoHouseProtocols.swift */,
				B39F0C351FE928870000C2F4 /* ProgressViewController.swift */,
				B3253E041FD588700008E3C5 /* ViewController.swift */,
				B3493CDF1FDACAAB008E1F73 /* GooglePhotosViewController.swift */,
				B399D3531FE006E60001B518 /* iCloudViewController.swift */,
				B3253E061FD588700008E3C5 /* Main.storyboard */,
				B39987101FE7F1CA00D0F08A /* CloudTableViewCell.swift */,
				B3815D651FE3EC4E0065F7BE /* CloudPhotoCell.swift */,
				B3815D661FE3EC4E0065F7BE /* CloudPhotoCell.xib */,
				B3253E0C1FD588710008E3C5 /* Assets.xcassets */,
				B3253E0E1FD588710008E3C5 /* LaunchScreen.storyboard */,
				B3253E111FD588710008E3C5 /* Info.plist */,
				B3253E091FD588710008E3C5 /* PhotoHouse.xcdatamodeld */,
			);
			path = PhotoHouse;
			sourceTree = "<group>";
		};
		B34E07291FE2BF48002A9476 /* Interactor */ = {
			isa = PBXGroup;
			children = (
				B34E072A1FE2BF70002A9476 /* PhotosInteractor.swift */,
			);
			path = Interactor;
			sourceTree = "<group>";
		};
		B34E072E1FE2C66E002A9476 /* Presenter */ = {
			isa = PBXGroup;
			children = (
				B34E072C1FE2C669002A9476 /* PhotosPresenter.swift */,
			);
			path = Presenter;
			sourceTree = "<group>";
		};
		B3815D691FE3F5F10065F7BE /* Router */ = {
			isa = PBXGroup;
			children = (
				B3815D6A1FE3F6090065F7BE /* PhotosRouter.swift */,
			);
			path = Router;
			sourceTree = "<group>";
		};
		B3BEFEC71FE2AF62000B8F47 /* View */ = {
			isa = PBXGroup;
			children = (
				B3BEFEC51FE2AF57000B8F47 /* PhotosViewController.swift */,
			);
			path = View;
			sourceTree = "<group>";
		};
		B3BEFECA1FE2AFF6000B8F47 /* Entities */ = {
			isa = PBXGroup;
			children = (
				B3BEFEC81FE2AFE9000B8F47 /* CloudPhotosModel.swift */,
				B3BEFECB1FE2B081000B8F47 /* Photo.swift */,
				B3BEFECF1FE2B0AD000B8F47 /* PhotosModel.swift */,
			);
			path = Entities;
			sourceTree = "<group>";
		};
/* End PBXGroup section */

/* Begin PBXNativeTarget section */
		B3253DFE1FD588700008E3C5 /* PhotoHouse */ = {
			isa = PBXNativeTarget;
			buildConfigurationList = B3253E141FD588710008E3C5 /* Build configuration list for PBXNativeTarget "PhotoHouse" */;
			buildPhases = (
				15DC7144C93CAAA1D7358D35 /* [CP] Check Pods Manifest.lock */,
				B3253DFB1FD588700008E3C5 /* Sources */,
				B3253DFC1FD588700008E3C5 /* Frameworks */,
				B3253DFD1FD588700008E3C5 /* Resources */,
				4904763D94C44C69B26BA4AE /* [CP] Embed Pods Frameworks */,
				E2574467CEBC900744B2FED4 /* [CP] Copy Pods Resources */,
			);
			buildRules = (
			);
			dependencies = (
			);
			name = PhotoHouse;
			productName = PhotoHouse;
			productReference = B3253DFF1FD588700008E3C5 /* PhotoHouse.app */;
			productType = "com.apple.product-type.application";
		};
/* End PBXNativeTarget section */

/* Begin PBXProject section */
		B3253DF71FD588700008E3C5 /* Project object */ = {
			isa = PBXProject;
			attributes = {
				LastSwiftUpdateCheck = 0910;
				LastUpgradeCheck = 0910;
				ORGANIZATIONNAME = "Mar Hovhannisyan";
				TargetAttributes = {
					B3253DFE1FD588700008E3C5 = {
						CreatedOnToolsVersion = 9.1;
						ProvisioningStyle = Automatic;
						SystemCapabilities = {
							com.apple.Push = {
								enabled = 0;
							};
							com.apple.iCloud = {
								enabled = 0;
							};
						};
					};
				};
			};
			buildConfigurationList = B3253DFA1FD588700008E3C5 /* Build configuration list for PBXProject "PhotoHouse" */;
			compatibilityVersion = "Xcode 8.0";
			developmentRegion = en;
			hasScannedForEncodings = 0;
			knownRegions = (
				en,
				Base,
			);
			mainGroup = B3253DF61FD588700008E3C5;
			productRefGroup = B3253E001FD588700008E3C5 /* Products */;
			projectDirPath = "";
			projectRoot = "";
			targets = (
				B3253DFE1FD588700008E3C5 /* PhotoHouse */,
			);
		};
/* End PBXProject section */

/* Begin PBXResourcesBuildPhase section */
		B3253DFD1FD588700008E3C5 /* Resources */ = {
			isa = PBXResourcesBuildPhase;
			buildActionMask = 2147483647;
			files = (
				B3253E101FD588710008E3C5 /* LaunchScreen.storyboard in Resources */,
				B3815D681FE3EC4E0065F7BE /* CloudPhotoCell.xib in Resources */,
				B3C01AE31FDE6FD4002FB84C /* GoogleService-Info.plist in Resources */,
				B3253E0D1FD588710008E3C5 /* Assets.xcassets in Resources */,
				B3253E081FD588700008E3C5 /* Main.storyboard in Resources */,
			);
			runOnlyForDeploymentPostprocessing = 0;
		};
/* End PBXResourcesBuildPhase section */

/* Begin PBXShellScriptBuildPhase section */
		15DC7144C93CAAA1D7358D35 /* [CP] Check Pods Manifest.lock */ = {
			isa = PBXShellScriptBuildPhase;
			buildActionMask = 2147483647;
			files = (
			);
			inputPaths = (
				"${PODS_PODFILE_DIR_PATH}/Podfile.lock",
				"${PODS_ROOT}/Manifest.lock",
			);
			name = "[CP] Check Pods Manifest.lock";
			outputPaths = (
				"$(DERIVED_FILE_DIR)/Pods-PhotoHouse-checkManifestLockResult.txt",
			);
			runOnlyForDeploymentPostprocessing = 0;
			shellPath = /bin/sh;
			shellScript = "diff \"${PODS_PODFILE_DIR_PATH}/Podfile.lock\" \"${PODS_ROOT}/Manifest.lock\" > /dev/null\nif [ $? != 0 ] ; then\n    # print error to STDERR\n    echo \"error: The sandbox is not in sync with the Podfile.lock. Run 'pod install' or update your CocoaPods installation.\" >&2\n    exit 1\nfi\n# This output is used by Xcode 'outputs' to avoid re-running this script phase.\necho \"SUCCESS\" > \"${SCRIPT_OUTPUT_FILE_0}\"\n";
			showEnvVarsInLog = 0;
		};
		4904763D94C44C69B26BA4AE /* [CP] Embed Pods Frameworks */ = {
			isa = PBXShellScriptBuildPhase;
			buildActionMask = 2147483647;
			files = (
			);
			inputPaths = (
				"${SRCROOT}/Pods/Target Support Files/Pods-PhotoHouse/Pods-PhotoHouse-frameworks.sh",
				"${BUILT_PRODUCTS_DIR}/Alamofire/Alamofire.framework",
				"${BUILT_PRODUCTS_DIR}/GTMOAuth2/GTMOAuth2.framework",
				"${BUILT_PRODUCTS_DIR}/GTMSessionFetcher/GTMSessionFetcher.framework",
				"${BUILT_PRODUCTS_DIR}/GoogleAPIClientForREST/GoogleAPIClientForREST.framework",
				"${BUILT_PRODUCTS_DIR}/GoogleToolboxForMac/GoogleToolboxForMac.framework",
				"${BUILT_PRODUCTS_DIR}/SwiftyDropbox/SwiftyDropbox.framework",
			);
			name = "[CP] Embed Pods Frameworks";
			outputPaths = (
				"${TARGET_BUILD_DIR}/${FRAMEWORKS_FOLDER_PATH}/Alamofire.framework",
				"${TARGET_BUILD_DIR}/${FRAMEWORKS_FOLDER_PATH}/GTMOAuth2.framework",
				"${TARGET_BUILD_DIR}/${FRAMEWORKS_FOLDER_PATH}/GTMSessionFetcher.framework",
				"${TARGET_BUILD_DIR}/${FRAMEWORKS_FOLDER_PATH}/GoogleAPIClientForREST.framework",
				"${TARGET_BUILD_DIR}/${FRAMEWORKS_FOLDER_PATH}/GoogleToolboxForMac.framework",
				"${TARGET_BUILD_DIR}/${FRAMEWORKS_FOLDER_PATH}/SwiftyDropbox.framework",
			);
			runOnlyForDeploymentPostprocessing = 0;
			shellPath = /bin/sh;
			shellScript = "\"${SRCROOT}/Pods/Target Support Files/Pods-PhotoHouse/Pods-PhotoHouse-frameworks.sh\"\n";
			showEnvVarsInLog = 0;
		};
		E2574467CEBC900744B2FED4 /* [CP] Copy Pods Resources */ = {
			isa = PBXShellScriptBuildPhase;
			buildActionMask = 2147483647;
			files = (
			);
			inputPaths = (
				"${SRCROOT}/Pods/Target Support Files/Pods-PhotoHouse/Pods-PhotoHouse-resources.sh",
				"${PODS_ROOT}/GoogleSignIn/Resources/GoogleSignIn.bundle",
			);
			name = "[CP] Copy Pods Resources";
			outputPaths = (
				"${TARGET_BUILD_DIR}/${UNLOCALIZED_RESOURCES_FOLDER_PATH}",
			);
			runOnlyForDeploymentPostprocessing = 0;
			shellPath = /bin/sh;
			shellScript = "\"${SRCROOT}/Pods/Target Support Files/Pods-PhotoHouse/Pods-PhotoHouse-resources.sh\"\n";
			showEnvVarsInLog = 0;
		};
/* End PBXShellScriptBuildPhase section */

/* Begin PBXSourcesBuildPhase section */
		B3253DFB1FD588700008E3C5 /* Sources */ = {
			isa = PBXSourcesBuildPhase;
			buildActionMask = 2147483647;
			files = (
				B3493CE01FDACAAB008E1F73 /* GooglePhotosViewController.swift in Sources */,
				B3815D6B1FE3F6090065F7BE /* PhotosRouter.swift in Sources */,
				B39987111FE7F1CA00D0F08A /* CloudTableViewCell.swift in Sources */,
				B3BEFEC41FE2AE90000B8F47 /* PhotoHouseProtocols.swift in Sources */,
				B34E072B1FE2BF70002A9476 /* PhotosInteractor.swift in Sources */,
				B399D3541FE006E60001B518 /* iCloudViewController.swift in Sources */,
				B3BEFECC1FE2B081000B8F47 /* Photo.swift in Sources */,
				B34E072D1FE2C669002A9476 /* PhotosPresenter.swift in Sources */,
				B3253E051FD588700008E3C5 /* ViewController.swift in Sources */,
				B3BEFEC61FE2AF57000B8F47 /* PhotosViewController.swift in Sources */,
				B3BEFED01FE2B0AD000B8F47 /* PhotosModel.swift in Sources */,
				B39F0C361FE928870000C2F4 /* ProgressViewController.swift in Sources */,
				B3815D671FE3EC4E0065F7BE /* CloudPhotoCell.swift in Sources */,
				B3253E031FD588700008E3C5 /* AppDelegate.swift in Sources */,
				B3BEFEC91FE2AFE9000B8F47 /* CloudPhotosModel.swift in Sources */,
				B3253E0B1FD588710008E3C5 /* PhotoHouse.xcdatamodeld in Sources */,
			);
			runOnlyForDeploymentPostprocessing = 0;
		};
/* End PBXSourcesBuildPhase section */

/* Begin PBXVariantGroup section */
		B3253E061FD588700008E3C5 /* Main.storyboard */ = {
			isa = PBXVariantGroup;
			children = (
				B3253E071FD588700008E3C5 /* Base */,
			);
			name = Main.storyboard;
			sourceTree = "<group>";
		};
		B3253E0E1FD588710008E3C5 /* LaunchScreen.storyboard */ = {
			isa = PBXVariantGroup;
			children = (
				B3253E0F1FD588710008E3C5 /* Base */,
			);
			name = LaunchScreen.storyboard;
			sourceTree = "<group>";
		};
/* End PBXVariantGroup section */

/* Begin XCBuildConfiguration section */
		B3253E121FD588710008E3C5 /* Debug */ = {
			isa = XCBuildConfiguration;
			buildSettings = {
				ALWAYS_SEARCH_USER_PATHS = NO;
				CLANG_ANALYZER_NONNULL = YES;
				CLANG_ANALYZER_NUMBER_OBJECT_CONVERSION = YES_AGGRESSIVE;
				CLANG_CXX_LANGUAGE_STANDARD = "gnu++14";
				CLANG_CXX_LIBRARY = "libc++";
				CLANG_ENABLE_MODULES = YES;
				CLANG_ENABLE_OBJC_ARC = YES;
				CLANG_WARN_BLOCK_CAPTURE_AUTORELEASING = YES;
				CLANG_WARN_BOOL_CONVERSION = YES;
				CLANG_WARN_COMMA = YES;
				CLANG_WARN_CONSTANT_CONVERSION = YES;
				CLANG_WARN_DIRECT_OBJC_ISA_USAGE = YES_ERROR;
				CLANG_WARN_DOCUMENTATION_COMMENTS = YES;
				CLANG_WARN_EMPTY_BODY = YES;
				CLANG_WARN_ENUM_CONVERSION = YES;
				CLANG_WARN_INFINITE_RECURSION = YES;
				CLANG_WARN_INT_CONVERSION = YES;
				CLANG_WARN_NON_LITERAL_NULL_CONVERSION = YES;
				CLANG_WARN_OBJC_LITERAL_CONVERSION = YES;
				CLANG_WARN_OBJC_ROOT_CLASS = YES_ERROR;
				CLANG_WARN_RANGE_LOOP_ANALYSIS = YES;
				CLANG_WARN_STRICT_PROTOTYPES = YES;
				CLANG_WARN_SUSPICIOUS_MOVE = YES;
				CLANG_WARN_UNGUARDED_AVAILABILITY = YES_AGGRESSIVE;
				CLANG_WARN_UNREACHABLE_CODE = YES;
				CLANG_WARN__DUPLICATE_METHOD_MATCH = YES;
				CODE_SIGN_IDENTITY = "iPhone Developer";
				COPY_PHASE_STRIP = NO;
				DEBUG_INFORMATION_FORMAT = dwarf;
				ENABLE_STRICT_OBJC_MSGSEND = YES;
				ENABLE_TESTABILITY = YES;
				GCC_C_LANGUAGE_STANDARD = gnu11;
				GCC_DYNAMIC_NO_PIC = NO;
				GCC_NO_COMMON_BLOCKS = YES;
				GCC_OPTIMIZATION_LEVEL = 0;
				GCC_PREPROCESSOR_DEFINITIONS = (
					"DEBUG=1",
					"$(inherited)",
				);
				GCC_WARN_64_TO_32_BIT_CONVERSION = YES;
				GCC_WARN_ABOUT_RETURN_TYPE = YES_ERROR;
				GCC_WARN_UNDECLARED_SELECTOR = YES;
				GCC_WARN_UNINITIALIZED_AUTOS = YES_AGGRESSIVE;
				GCC_WARN_UNUSED_FUNCTION = YES;
				GCC_WARN_UNUSED_VARIABLE = YES;
				IPHONEOS_DEPLOYMENT_TARGET = 11.1;
				MTL_ENABLE_DEBUG_INFO = YES;
				ONLY_ACTIVE_ARCH = YES;
				SDKROOT = iphoneos;
				SWIFT_ACTIVE_COMPILATION_CONDITIONS = DEBUG;
				SWIFT_OPTIMIZATION_LEVEL = "-Onone";
			};
			name = Debug;
		};
		B3253E131FD588710008E3C5 /* Release */ = {
			isa = XCBuildConfiguration;
			buildSettings = {
				ALWAYS_SEARCH_USER_PATHS = NO;
				CLANG_ANALYZER_NONNULL = YES;
				CLANG_ANALYZER_NUMBER_OBJECT_CONVERSION = YES_AGGRESSIVE;
				CLANG_CXX_LANGUAGE_STANDARD = "gnu++14";
				CLANG_CXX_LIBRARY = "libc++";
				CLANG_ENABLE_MODULES = YES;
				CLANG_ENABLE_OBJC_ARC = YES;
				CLANG_WARN_BLOCK_CAPTURE_AUTORELEASING = YES;
				CLANG_WARN_BOOL_CONVERSION = YES;
				CLANG_WARN_COMMA = YES;
				CLANG_WARN_CONSTANT_CONVERSION = YES;
				CLANG_WARN_DIRECT_OBJC_ISA_USAGE = YES_ERROR;
				CLANG_WARN_DOCUMENTATION_COMMENTS = YES;
				CLANG_WARN_EMPTY_BODY = YES;
				CLANG_WARN_ENUM_CONVERSION = YES;
				CLANG_WARN_INFINITE_RECURSION = YES;
				CLANG_WARN_INT_CONVERSION = YES;
				CLANG_WARN_NON_LITERAL_NULL_CONVERSION = YES;
				CLANG_WARN_OBJC_LITERAL_CONVERSION = YES;
				CLANG_WARN_OBJC_ROOT_CLASS = YES_ERROR;
				CLANG_WARN_RANGE_LOOP_ANALYSIS = YES;
				CLANG_WARN_STRICT_PROTOTYPES = YES;
				CLANG_WARN_SUSPICIOUS_MOVE = YES;
				CLANG_WARN_UNGUARDED_AVAILABILITY = YES_AGGRESSIVE;
				CLANG_WARN_UNREACHABLE_CODE = YES;
				CLANG_WARN__DUPLICATE_METHOD_MATCH = YES;
				CODE_SIGN_IDENTITY = "iPhone Developer";
				COPY_PHASE_STRIP = NO;
				DEBUG_INFORMATION_FORMAT = "dwarf-with-dsym";
				ENABLE_NS_ASSERTIONS = NO;
				ENABLE_STRICT_OBJC_MSGSEND = YES;
				GCC_C_LANGUAGE_STANDARD = gnu11;
				GCC_NO_COMMON_BLOCKS = YES;
				GCC_WARN_64_TO_32_BIT_CONVERSION = YES;
				GCC_WARN_ABOUT_RETURN_TYPE = YES_ERROR;
				GCC_WARN_UNDECLARED_SELECTOR = YES;
				GCC_WARN_UNINITIALIZED_AUTOS = YES_AGGRESSIVE;
				GCC_WARN_UNUSED_FUNCTION = YES;
				GCC_WARN_UNUSED_VARIABLE = YES;
				IPHONEOS_DEPLOYMENT_TARGET = 11.1;
				MTL_ENABLE_DEBUG_INFO = NO;
				SDKROOT = iphoneos;
				SWIFT_OPTIMIZATION_LEVEL = "-Owholemodule";
				VALIDATE_PRODUCT = YES;
			};
			name = Release;
		};
		B3253E151FD588710008E3C5 /* Debug */ = {
			isa = XCBuildConfiguration;
			baseConfigurationReference = 3569840850F93B20B9EE1A14 /* Pods-PhotoHouse.debug.xcconfig */;
			buildSettings = {
				ASSETCATALOG_COMPILER_APPICON_NAME = AppIcon;
				CODE_SIGN_STYLE = Automatic;
				DEVELOPMENT_TEAM = 766C7D75GF;
				INFOPLIST_FILE = PhotoHouse/Info.plist;
				LD_RUNPATH_SEARCH_PATHS = "$(inherited) @executable_path/Frameworks";
				PRODUCT_BUNDLE_IDENTIFIER = con.photoHouse.marhovhannisyan;
				PRODUCT_NAME = "$(TARGET_NAME)";
				SWIFT_VERSION = 4.0;
				TARGETED_DEVICE_FAMILY = 1;
			};
			name = Debug;
		};
		B3253E161FD588710008E3C5 /* Release */ = {
			isa = XCBuildConfiguration;
			baseConfigurationReference = C721F4A505BF927043883B68 /* Pods-PhotoHouse.release.xcconfig */;
			buildSettings = {
				ASSETCATALOG_COMPILER_APPICON_NAME = AppIcon;
				CODE_SIGN_STYLE = Automatic;
				DEVELOPMENT_TEAM = 766C7D75GF;
				INFOPLIST_FILE = PhotoHouse/Info.plist;
				LD_RUNPATH_SEARCH_PATHS = "$(inherited) @executable_path/Frameworks";
				PRODUCT_BUNDLE_IDENTIFIER = con.photoHouse.marhovhannisyan;
				PRODUCT_NAME = "$(TARGET_NAME)";
				SWIFT_VERSION = 4.0;
				TARGETED_DEVICE_FAMILY = 1;
			};
			name = Release;
		};
/* End XCBuildConfiguration section */

/* Begin XCConfigurationList section */
		B3253DFA1FD588700008E3C5 /* Build configuration list for PBXProject "PhotoHouse" */ = {
			isa = XCConfigurationList;
			buildConfigurations = (
				B3253E121FD588710008E3C5 /* Debug */,
				B3253E131FD588710008E3C5 /* Release */,
			);
			defaultConfigurationIsVisible = 0;
			defaultConfigurationName = Release;
		};
		B3253E141FD588710008E3C5 /* Build configuration list for PBXNativeTarget "PhotoHouse" */ = {
			isa = XCConfigurationList;
			buildConfigurations = (
				B3253E151FD588710008E3C5 /* Debug */,
				B3253E161FD588710008E3C5 /* Release */,
			);
			defaultConfigurationIsVisible = 0;
			defaultConfigurationName = Release;
		};
/* End XCConfigurationList section */

/* Begin XCVersionGroup section */
		B3253E091FD588710008E3C5 /* PhotoHouse.xcdatamodeld */ = {
			isa = XCVersionGroup;
			children = (
				B3253E0A1FD588710008E3C5 /* PhotoHouse.xcdatamodel */,
			);
			currentVersion = B3253E0A1FD588710008E3C5 /* PhotoHouse.xcdatamodel */;
			path = PhotoHouse.xcdatamodeld;
			sourceTree = "<group>";
			versionGroupType = wrapper.xcdatamodel;
		};
/* End XCVersionGroup section */
	};
	rootObject = B3253DF71FD588700008E3C5 /* Project object */;
}
